// !$*UTF8*$!
{
	archiveVersion = 1;
	classes = {
	};
	objectVersion = 55;
	objects = {

/* Begin PBXBuildFile section */
		A7248CDF2825AE7700EA9A2F /* SceneDelegate.swift in Sources */ = {isa = PBXBuildFile; fileRef = A7248CDE2825AE7600EA9A2F /* SceneDelegate.swift */; };
		A7569393283AA54C00111A37 /* LogInViewController.swift in Sources */ = {isa = PBXBuildFile; fileRef = A7569392283AA54C00111A37 /* LogInViewController.swift */; };
		A7569396283AA89600111A37 /* PostTableViewCell.swift in Sources */ = {isa = PBXBuildFile; fileRef = A7569395283AA89600111A37 /* PostTableViewCell.swift */; };
		A756939F283ABACE00111A37 /* PhotosViewController.swift in Sources */ = {isa = PBXBuildFile; fileRef = A756939C283ABACE00111A37 /* PhotosViewController.swift */; };
		A75693A0283ABACE00111A37 /* PhotosCollectionViewCell.swift in Sources */ = {isa = PBXBuildFile; fileRef = A756939D283ABACE00111A37 /* PhotosCollectionViewCell.swift */; };
		A75693A1283ABACE00111A37 /* PhotosTableViewCell.swift in Sources */ = {isa = PBXBuildFile; fileRef = A756939E283ABACE00111A37 /* PhotosTableViewCell.swift */; };
		A7992E332822F171001047E7 /* PostViewController.swift in Sources */ = {isa = PBXBuildFile; fileRef = A7992E322822F171001047E7 /* PostViewController.swift */; };
		A7992E3528244F84001047E7 /* InfoViewController.swift in Sources */ = {isa = PBXBuildFile; fileRef = A7992E3428244F84001047E7 /* InfoViewController.swift */; };
		A7C5957D2821A07C00400DC4 /* AppDelegate.swift in Sources */ = {isa = PBXBuildFile; fileRef = A7C5957C2821A07C00400DC4 /* AppDelegate.swift */; };
		A7C595862821A07F00400DC4 /* Assets.xcassets in Resources */ = {isa = PBXBuildFile; fileRef = A7C595852821A07F00400DC4 /* Assets.xcassets */; };
		A7C595892821A07F00400DC4 /* LaunchScreen.storyboard in Resources */ = {isa = PBXBuildFile; fileRef = A7C595872821A07F00400DC4 /* LaunchScreen.storyboard */; };
		A7C595952821B7E400400DC4 /* MainTabBarController.swift in Sources */ = {isa = PBXBuildFile; fileRef = A7C595942821B7E400400DC4 /* MainTabBarController.swift */; };
		A7C595972821BAF600400DC4 /* FeedViewController.swift in Sources */ = {isa = PBXBuildFile; fileRef = A7C595962821BAF600400DC4 /* FeedViewController.swift */; };
		A7C595992821BB2E00400DC4 /* ProfileViewController.swift in Sources */ = {isa = PBXBuildFile; fileRef = A7C595982821BB2E00400DC4 /* ProfileViewController.swift */; };
		A7FEEE1C282BF3B8009B999F /* ProfileHeaderView.swift in Sources */ = {isa = PBXBuildFile; fileRef = A7FEEE1B282BF3B8009B999F /* ProfileHeaderView.swift */; };
/* End PBXBuildFile section */

/* Begin PBXFileReference section */
		A7248CDE2825AE7600EA9A2F /* SceneDelegate.swift */ = {isa = PBXFileReference; fileEncoding = 4; lastKnownFileType = sourcecode.swift; path = SceneDelegate.swift; sourceTree = "<group>"; };
		A7569392283AA54C00111A37 /* LogInViewController.swift */ = {isa = PBXFileReference; fileEncoding = 4; lastKnownFileType = sourcecode.swift; path = LogInViewController.swift; sourceTree = "<group>"; };
		A7569395283AA89600111A37 /* PostTableViewCell.swift */ = {isa = PBXFileReference; fileEncoding = 4; lastKnownFileType = sourcecode.swift; path = PostTableViewCell.swift; sourceTree = "<group>"; };
		A756939C283ABACE00111A37 /* PhotosViewController.swift */ = {isa = PBXFileReference; fileEncoding = 4; lastKnownFileType = sourcecode.swift; path = PhotosViewController.swift; sourceTree = "<group>"; };
		A756939D283ABACE00111A37 /* PhotosCollectionViewCell.swift */ = {isa = PBXFileReference; fileEncoding = 4; lastKnownFileType = sourcecode.swift; path = PhotosCollectionViewCell.swift; sourceTree = "<group>"; };
		A756939E283ABACE00111A37 /* PhotosTableViewCell.swift */ = {isa = PBXFileReference; fileEncoding = 4; lastKnownFileType = sourcecode.swift; path = PhotosTableViewCell.swift; sourceTree = "<group>"; };
		A7992E322822F171001047E7 /* PostViewController.swift */ = {isa = PBXFileReference; lastKnownFileType = sourcecode.swift; path = PostViewController.swift; sourceTree = "<group>"; };
		A7992E3428244F84001047E7 /* InfoViewController.swift */ = {isa = PBXFileReference; lastKnownFileType = sourcecode.swift; path = InfoViewController.swift; sourceTree = "<group>"; };
		A7C595792821A07C00400DC4 /* Navigation.app */ = {isa = PBXFileReference; explicitFileType = wrapper.application; includeInIndex = 0; path = Navigation.app; sourceTree = BUILT_PRODUCTS_DIR; };
		A7C5957C2821A07C00400DC4 /* AppDelegate.swift */ = {isa = PBXFileReference; lastKnownFileType = sourcecode.swift; path = AppDelegate.swift; sourceTree = "<group>"; };
		A7C595852821A07F00400DC4 /* Assets.xcassets */ = {isa = PBXFileReference; lastKnownFileType = folder.assetcatalog; path = Assets.xcassets; sourceTree = "<group>"; };
		A7C595882821A07F00400DC4 /* Base */ = {isa = PBXFileReference; lastKnownFileType = file.storyboard; name = Base; path = Base.lproj/LaunchScreen.storyboard; sourceTree = "<group>"; };
		A7C5958A2821A07F00400DC4 /* Info.plist */ = {isa = PBXFileReference; lastKnownFileType = text.plist.xml; path = Info.plist; sourceTree = "<group>"; };
		A7C595942821B7E400400DC4 /* MainTabBarController.swift */ = {isa = PBXFileReference; lastKnownFileType = sourcecode.swift; path = MainTabBarController.swift; sourceTree = "<group>"; };
		A7C595962821BAF600400DC4 /* FeedViewController.swift */ = {isa = PBXFileReference; lastKnownFileType = sourcecode.swift; path = FeedViewController.swift; sourceTree = "<group>"; };
		A7C595982821BB2E00400DC4 /* ProfileViewController.swift */ = {isa = PBXFileReference; lastKnownFileType = sourcecode.swift; path = ProfileViewController.swift; sourceTree = "<group>"; };
		A7FEEE1B282BF3B8009B999F /* ProfileHeaderView.swift */ = {isa = PBXFileReference; lastKnownFileType = sourcecode.swift; path = ProfileHeaderView.swift; sourceTree = "<group>"; };
/* End PBXFileReference section */

/* Begin PBXFrameworksBuildPhase section */
		A7C595762821A07C00400DC4 /* Frameworks */ = {
			isa = PBXFrameworksBuildPhase;
			buildActionMask = 2147483647;
			files = (
			);
			runOnlyForDeploymentPostprocessing = 0;
		};
/* End PBXFrameworksBuildPhase section */

/* Begin PBXGroup section */
		A7569391283AA4F000111A37 /* AppDelegate */ = {
			isa = PBXGroup;
			children = (
				A7248CDE2825AE7600EA9A2F /* SceneDelegate.swift */,
				A7C5957C2821A07C00400DC4 /* AppDelegate.swift */,
			);
			path = AppDelegate;
			sourceTree = "<group>";
		};
		A7569394283AA86400111A37 /* PostTableViewCell */ = {
			isa = PBXGroup;
			children = (
				A7569395283AA89600111A37 /* PostTableViewCell.swift */,
				A7992E322822F171001047E7 /* PostViewController.swift */,
			);
			path = PostTableViewCell;
			sourceTree = "<group>";
		};
		A756939B283AB9F400111A37 /* Photos */ = {
			isa = PBXGroup;
			children = (
				A756939D283ABACE00111A37 /* PhotosCollectionViewCell.swift */,
				A756939E283ABACE00111A37 /* PhotosTableViewCell.swift */,
				A756939C283ABACE00111A37 /* PhotosViewController.swift */,
			);
			path = Photos;
			sourceTree = "<group>";
		};
		A7C595702821A07C00400DC4 = {
			isa = PBXGroup;
			children = (
				A7C5957B2821A07C00400DC4 /* Navigation */,
				A7C5957A2821A07C00400DC4 /* Products */,
			);
			sourceTree = "<group>";
		};
		A7C5957A2821A07C00400DC4 /* Products */ = {
			isa = PBXGroup;
			children = (
				A7C595792821A07C00400DC4 /* Navigation.app */,
			);
			name = Products;
			sourceTree = "<group>";
		};
		A7C5957B2821A07C00400DC4 /* Navigation */ = {
			isa = PBXGroup;
			children = (
				A756939B283AB9F400111A37 /* Photos */,
				A7569394283AA86400111A37 /* PostTableViewCell */,
				A7569391283AA4F000111A37 /* AppDelegate */,
				A7FEEE1A282BF354009B999F /* Profile */,
				A7C595942821B7E400400DC4 /* MainTabBarController.swift */,
				A7C595962821BAF600400DC4 /* FeedViewController.swift */,
				A7992E3428244F84001047E7 /* InfoViewController.swift */,
				A7C595852821A07F00400DC4 /* Assets.xcassets */,
				A7C595872821A07F00400DC4 /* LaunchScreen.storyboard */,
				A7C5958A2821A07F00400DC4 /* Info.plist */,
			);
			path = Navigation;
			sourceTree = "<group>";
		};
		A7FEEE1A282BF354009B999F /* Profile */ = {
			isa = PBXGroup;
			children = (
				A7C595982821BB2E00400DC4 /* ProfileViewController.swift */,
				A7FEEE1B282BF3B8009B999F /* ProfileHeaderView.swift */,
				A7569392283AA54C00111A37 /* LogInViewController.swift */,
			);
			path = Profile;
			sourceTree = "<group>";
		};
/* End PBXGroup section */

/* Begin PBXNativeTarget section */
		A7C595782821A07C00400DC4 /* Navigation */ = {
			isa = PBXNativeTarget;
			buildConfigurationList = A7C5958D2821A07F00400DC4 /* Build configuration list for PBXNativeTarget "Navigation" */;
			buildPhases = (
				A7C595752821A07C00400DC4 /* Sources */,
				A7C595762821A07C00400DC4 /* Frameworks */,
				A7C595772821A07C00400DC4 /* Resources */,
			);
			buildRules = (
			);
			dependencies = (
			);
			name = Navigation;
			productName = Navigation;
			productReference = A7C595792821A07C00400DC4 /* Navigation.app */;
			productType = "com.apple.product-type.application";
		};
/* End PBXNativeTarget section */

/* Begin PBXProject section */
		A7C595712821A07C00400DC4 /* Project object */ = {
			isa = PBXProject;
			attributes = {
				BuildIndependentTargetsInParallel = 1;
				LastSwiftUpdateCheck = 1330;
				LastUpgradeCheck = 1330;
				TargetAttributes = {
					A7C595782821A07C00400DC4 = {
						CreatedOnToolsVersion = 13.3;
					};
				};
			};
			buildConfigurationList = A7C595742821A07C00400DC4 /* Build configuration list for PBXProject "Navigation" */;
			compatibilityVersion = "Xcode 13.0";
			developmentRegion = en;
			hasScannedForEncodings = 0;
			knownRegions = (
				en,
				Base,
			);
			mainGroup = A7C595702821A07C00400DC4;
			productRefGroup = A7C5957A2821A07C00400DC4 /* Products */;
			projectDirPath = "";
			projectRoot = "";
			targets = (
				A7C595782821A07C00400DC4 /* Navigation */,
			);
		};
/* End PBXProject section */

/* Begin PBXResourcesBuildPhase section */
		A7C595772821A07C00400DC4 /* Resources */ = {
			isa = PBXResourcesBuildPhase;
			buildActionMask = 2147483647;
			files = (
				A7C595892821A07F00400DC4 /* LaunchScreen.storyboard in Resources */,
				A7C595862821A07F00400DC4 /* Assets.xcassets in Resources */,
			);
			runOnlyForDeploymentPostprocessing = 0;
		};
/* End PBXResourcesBuildPhase section */

/* Begin PBXSourcesBuildPhase section */
		A7C595752821A07C00400DC4 /* Sources */ = {
			isa = PBXSourcesBuildPhase;
			buildActionMask = 2147483647;
			files = (
				A7992E332822F171001047E7 /* PostViewController.swift in Sources */,
				A756939F283ABACE00111A37 /* PhotosViewController.swift in Sources */,
				A7248CDF2825AE7700EA9A2F /* SceneDelegate.swift in Sources */,
				A7569393283AA54C00111A37 /* LogInViewController.swift in Sources */,
				A7C595952821B7E400400DC4 /* MainTabBarController.swift in Sources */,
				A75693A0283ABACE00111A37 /* PhotosCollectionViewCell.swift in Sources */,
				A7992E3528244F84001047E7 /* InfoViewController.swift in Sources */,
				A7C595992821BB2E00400DC4 /* ProfileViewController.swift in Sources */,
				A7C595972821BAF600400DC4 /* FeedViewController.swift in Sources */,
				A75693A1283ABACE00111A37 /* PhotosTableViewCell.swift in Sources */,
				A7569396283AA89600111A37 /* PostTableViewCell.swift in Sources */,
				A7C5957D2821A07C00400DC4 /* AppDelegate.swift in Sources */,
				A7FEEE1C282BF3B8009B999F /* ProfileHeaderView.swift in Sources */,
			);
			runOnlyForDeploymentPostprocessing = 0;
		};
/* End PBXSourcesBuildPhase section */

/* Begin PBXVariantGroup section */
		A7C595872821A07F00400DC4 /* LaunchScreen.storyboard */ = {
			isa = PBXVariantGroup;
			children = (
				A7C595882821A07F00400DC4 /* Base */,
			);
			name = LaunchScreen.storyboard;
			sourceTree = "<group>";
		};
/* End PBXVariantGroup section */

/* Begin XCBuildConfiguration section */
		A7C5958B2821A07F00400DC4 /* Debug */ = {
			isa = XCBuildConfiguration;
			buildSettings = {
				ALWAYS_SEARCH_USER_PATHS = NO;
				CLANG_ANALYZER_NONNULL = YES;
				CLANG_ANALYZER_NUMBER_OBJECT_CONVERSION = YES_AGGRESSIVE;
				CLANG_CXX_LANGUAGE_STANDARD = "gnu++17";
				CLANG_ENABLE_MODULES = YES;
				CLANG_ENABLE_OBJC_ARC = YES;
				CLANG_ENABLE_OBJC_WEAK = YES;
				CLANG_WARN_BLOCK_CAPTURE_AUTORELEASING = YES;
				CLANG_WARN_BOOL_CONVERSION = YES;
				CLANG_WARN_COMMA = YES;
				CLANG_WARN_CONSTANT_CONVERSION = YES;
				CLANG_WARN_DEPRECATED_OBJC_IMPLEMENTATIONS = YES;
				CLANG_WARN_DIRECT_OBJC_ISA_USAGE = YES_ERROR;
				CLANG_WARN_DOCUMENTATION_COMMENTS = YES;
				CLANG_WARN_EMPTY_BODY = YES;
				CLANG_WARN_ENUM_CONVERSION = YES;
				CLANG_WARN_INFINITE_RECURSION = YES;
				CLANG_WARN_INT_CONVERSION = YES;
				CLANG_WARN_NON_LITERAL_NULL_CONVERSION = YES;
				CLANG_WARN_OBJC_IMPLICIT_RETAIN_SELF = YES;
				CLANG_WARN_OBJC_LITERAL_CONVERSION = YES;
				CLANG_WARN_OBJC_ROOT_CLASS = YES_ERROR;
				CLANG_WARN_QUOTED_INCLUDE_IN_FRAMEWORK_HEADER = YES;
				CLANG_WARN_RANGE_LOOP_ANALYSIS = YES;
				CLANG_WARN_STRICT_PROTOTYPES = YES;
				CLANG_WARN_SUSPICIOUS_MOVE = YES;
				CLANG_WARN_UNGUARDED_AVAILABILITY = YES_AGGRESSIVE;
				CLANG_WARN_UNREACHABLE_CODE = YES;
				CLANG_WARN__DUPLICATE_METHOD_MATCH = YES;
				COPY_PHASE_STRIP = NO;
				DEBUG_INFORMATION_FORMAT = dwarf;
				ENABLE_STRICT_OBJC_MSGSEND = YES;
				ENABLE_TESTABILITY = YES;
				GCC_C_LANGUAGE_STANDARD = gnu11;
				GCC_DYNAMIC_NO_PIC = NO;
				GCC_NO_COMMON_BLOCKS = YES;
				GCC_OPTIMIZATION_LEVEL = 0;
				GCC_PREPROCESSOR_DEFINITIONS = (
					"DEBUG=1",
					"$(inherited)",
				);
				GCC_WARN_64_TO_32_BIT_CONVERSION = YES;
				GCC_WARN_ABOUT_RETURN_TYPE = YES_ERROR;
				GCC_WARN_UNDECLARED_SELECTOR = YES;
				GCC_WARN_UNINITIALIZED_AUTOS = YES_AGGRESSIVE;
				GCC_WARN_UNUSED_FUNCTION = YES;
				GCC_WARN_UNUSED_VARIABLE = YES;
				IPHONEOS_DEPLOYMENT_TARGET = 15.4;
				MTL_ENABLE_DEBUG_INFO = INCLUDE_SOURCE;
				MTL_FAST_MATH = YES;
				ONLY_ACTIVE_ARCH = YES;
				SDKROOT = iphoneos;
				SWIFT_ACTIVE_COMPILATION_CONDITIONS = DEBUG;
				SWIFT_OPTIMIZATION_LEVEL = "-Onone";
			};
			name = Debug;
		};
		A7C5958C2821A07F00400DC4 /* Release */ = {
			isa = XCBuildConfiguration;
			buildSettings = {
				ALWAYS_SEARCH_USER_PATHS = NO;
				CLANG_ANALYZER_NONNULL = YES;
				CLANG_ANALYZER_NUMBER_OBJECT_CONVERSION = YES_AGGRESSIVE;
				CLANG_CXX_LANGUAGE_STANDARD = "gnu++17";
				CLANG_ENABLE_MODULES = YES;
				CLANG_ENABLE_OBJC_ARC = YES;
				CLANG_ENABLE_OBJC_WEAK = YES;
				CLANG_WARN_BLOCK_CAPTURE_AUTORELEASING = YES;
				CLANG_WARN_BOOL_CONVERSION = YES;
				CLANG_WARN_COMMA = YES;
				CLANG_WARN_CONSTANT_CONVERSION = YES;
				CLANG_WARN_DEPRECATED_OBJC_IMPLEMENTATIONS = YES;
				CLANG_WARN_DIRECT_OBJC_ISA_USAGE = YES_ERROR;
				CLANG_WARN_DOCUMENTATION_COMMENTS = YES;
				CLANG_WARN_EMPTY_BODY = YES;
				CLANG_WARN_ENUM_CONVERSION = YES;
				CLANG_WARN_INFINITE_RECURSION = YES;
				CLANG_WARN_INT_CONVERSION = YES;
				CLANG_WARN_NON_LITERAL_NULL_CONVERSION = YES;
				CLANG_WARN_OBJC_IMPLICIT_RETAIN_SELF = YES;
				CLANG_WARN_OBJC_LITERAL_CONVERSION = YES;
				CLANG_WARN_OBJC_ROOT_CLASS = YES_ERROR;
				CLANG_WARN_QUOTED_INCLUDE_IN_FRAMEWORK_HEADER = YES;
				CLANG_WARN_RANGE_LOOP_ANALYSIS = YES;
				CLANG_WARN_STRICT_PROTOTYPES = YES;
				CLANG_WARN_SUSPICIOUS_MOVE = YES;
				CLANG_WARN_UNGUARDED_AVAILABILITY = YES_AGGRESSIVE;
				CLANG_WARN_UNREACHABLE_CODE = YES;
				CLANG_WARN__DUPLICATE_METHOD_MATCH = YES;
				COPY_PHASE_STRIP = NO;
				DEBUG_INFORMATION_FORMAT = "dwarf-with-dsym";
				ENABLE_NS_ASSERTIONS = NO;
				ENABLE_STRICT_OBJC_MSGSEND = YES;
				GCC_C_LANGUAGE_STANDARD = gnu11;
				GCC_NO_COMMON_BLOCKS = YES;
				GCC_WARN_64_TO_32_BIT_CONVERSION = YES;
				GCC_WARN_ABOUT_RETURN_TYPE = YES_ERROR;
				GCC_WARN_UNDECLARED_SELECTOR = YES;
				GCC_WARN_UNINITIALIZED_AUTOS = YES_AGGRESSIVE;
				GCC_WARN_UNUSED_FUNCTION = YES;
				GCC_WARN_UNUSED_VARIABLE = YES;
				IPHONEOS_DEPLOYMENT_TARGET = 15.4;
				MTL_ENABLE_DEBUG_INFO = NO;
				MTL_FAST_MATH = YES;
				SDKROOT = iphoneos;
				SWIFT_COMPILATION_MODE = wholemodule;
				SWIFT_OPTIMIZATION_LEVEL = "-O";
				VALIDATE_PRODUCT = YES;
			};
			name = Release;
		};
		A7C5958E2821A07F00400DC4 /* Debug */ = {
			isa = XCBuildConfiguration;
			buildSettings = {
				ASSETCATALOG_COMPILER_APPICON_NAME = AppIcon;
				ASSETCATALOG_COMPILER_GLOBAL_ACCENT_COLOR_NAME = AccentColor;
				CODE_SIGN_STYLE = Automatic;
				CURRENT_PROJECT_VERSION = 1;
				DEVELOPMENT_TEAM = VW6B758Y25;
				GENERATE_INFOPLIST_FILE = YES;
				INFOPLIST_FILE = Navigation/Info.plist;
				INFOPLIST_KEY_UIApplicationSupportsIndirectInputEvents = YES;
				INFOPLIST_KEY_UILaunchStoryboardName = LaunchScreen;
				INFOPLIST_KEY_UISupportedInterfaceOrientations_iPad = "UIInterfaceOrientationPortrait UIInterfaceOrientationPortraitUpsideDown UIInterfaceOrientationLandscapeLeft UIInterfaceOrientationLandscapeRight";
				INFOPLIST_KEY_UISupportedInterfaceOrientations_iPhone = "UIInterfaceOrientationPortrait UIInterfaceOrientationLandscapeLeft UIInterfaceOrientationLandscapeRight";
				LD_RUNPATH_SEARCH_PATHS = (
					"$(inherited)",
					"@executable_path/Frameworks",
				);
				MARKETING_VERSION = 1.0;
				PRODUCT_BUNDLE_IDENTIFIER = ru.idnex.Navigation;
				PRODUCT_NAME = "$(TARGET_NAME)";
				SWIFT_EMIT_LOC_STRINGS = YES;
				SWIFT_VERSION = 5.0;
				TARGETED_DEVICE_FAMILY = "1,2";
			};
			name = Debug;
		};
		A7C5958F2821A07F00400DC4 /* Release */ = {
			isa = XCBuildConfiguration;
			buildSettings = {
				ASSETCATALOG_COMPILER_APPICON_NAME = AppIcon;
				ASSETCATALOG_COMPILER_GLOBAL_ACCENT_COLOR_NAME = AccentColor;
				CODE_SIGN_STYLE = Automatic;
				CURRENT_PROJECT_VERSION = 1;
				DEVELOPMENT_TEAM = VW6B758Y25;
				GENERATE_INFOPLIST_FILE = YES;
				INFOPLIST_FILE = Navigation/Info.plist;
				INFOPLIST_KEY_UIApplicationSupportsIndirectInputEvents = YES;
				INFOPLIST_KEY_UILaunchStoryboardName = LaunchScreen;
				INFOPLIST_KEY_UISupportedInterfaceOrientations_iPad = "UIInterfaceOrientationPortrait UIInterfaceOrientationPortraitUpsideDown UIInterfaceOrientationLandscapeLeft UIInterfaceOrientationLandscapeRight";
				INFOPLIST_KEY_UISupportedInterfaceOrientations_iPhone = "UIInterfaceOrientationPortrait UIInterfaceOrientationLandscapeLeft UIInterfaceOrientationLandscapeRight";
				LD_RUNPATH_SEARCH_PATHS = (
					"$(inherited)",
					"@executable_path/Frameworks",
				);
				MARKETING_VERSION = 1.0;
				PRODUCT_BUNDLE_IDENTIFIER = ru.idnex.Navigation;
				PRODUCT_NAME = "$(TARGET_NAME)";
				SWIFT_EMIT_LOC_STRINGS = YES;
				SWIFT_VERSION = 5.0;
				TARGETED_DEVICE_FAMILY = "1,2";
			};
			name = Release;
		};
/* End XCBuildConfiguration section */

/* Begin XCConfigurationList section */
		A7C595742821A07C00400DC4 /* Build configuration list for PBXProject "Navigation" */ = {
			isa = XCConfigurationList;
			buildConfigurations = (
				A7C5958B2821A07F00400DC4 /* Debug */,
				A7C5958C2821A07F00400DC4 /* Release */,
			);
			defaultConfigurationIsVisible = 0;
			defaultConfigurationName = Release;
		};
		A7C5958D2821A07F00400DC4 /* Build configuration list for PBXNativeTarget "Navigation" */ = {
			isa = XCConfigurationList;
			buildConfigurations = (
				A7C5958E2821A07F00400DC4 /* Debug */,
				A7C5958F2821A07F00400DC4 /* Release */,
			);
			defaultConfigurationIsVisible = 0;
			defaultConfigurationName = Release;
		};
/* End XCConfigurationList section */
	};
	rootObject = A7C595712821A07C00400DC4 /* Project object */;
}
